// !$*UTF8*$!
{
	archiveVersion = 1;
	classes = {
	};
	objectVersion = 55;
	objects = {

/* Begin PBXBuildFile section */
		2C07AB33284C272C00ECA7EE /* CircleImage.swift in Sources */ = {isa = PBXBuildFile; fileRef = 2C07AB32284C272C00ECA7EE /* CircleImage.swift */; };
		2C07AB3E284CE3BF00ECA7EE /* DailyScrum.swift in Sources */ = {isa = PBXBuildFile; fileRef = 2C07AB3D284CE3BF00ECA7EE /* DailyScrum.swift */; };
		2C42939F284ADE78001475DC /* SwiftStartupKitApp.swift in Sources */ = {isa = PBXBuildFile; fileRef = 2C42939E284ADE78001475DC /* SwiftStartupKitApp.swift */; };
		2C4293A1284ADE78001475DC /* ContentView.swift in Sources */ = {isa = PBXBuildFile; fileRef = 2C4293A0284ADE78001475DC /* ContentView.swift */; };
		2C4293A3284ADE88001475DC /* Assets.xcassets in Resources */ = {isa = PBXBuildFile; fileRef = 2C4293A2284ADE88001475DC /* Assets.xcassets */; };
		2C4293A6284ADE88001475DC /* Preview Assets.xcassets in Resources */ = {isa = PBXBuildFile; fileRef = 2C4293A5284ADE88001475DC /* Preview Assets.xcassets */; };
		2C88907E2886E7BF00A7D885 /* DailyScrumsView.swift in Sources */ = {isa = PBXBuildFile; fileRef = 2C88907D2886E7BE00A7D885 /* DailyScrumsView.swift */; };
		2C8890802886EAA500A7D885 /* DailyScrumView.swift in Sources */ = {isa = PBXBuildFile; fileRef = 2C88907F2886EAA500A7D885 /* DailyScrumView.swift */; };
		2C8890822886EBE300A7D885 /* DailyScrumHistory.swift in Sources */ = {isa = PBXBuildFile; fileRef = 2C8890812886EBE300A7D885 /* DailyScrumHistory.swift */; };
		2C88908428876D0C00A7D885 /* DailyScrumAttendee.swift in Sources */ = {isa = PBXBuildFile; fileRef = 2C88908328876D0C00A7D885 /* DailyScrumAttendee.swift */; };
		2C889086288770B300A7D885 /* DailyScrumMeetingView.swift in Sources */ = {isa = PBXBuildFile; fileRef = 2C889085288770B300A7D885 /* DailyScrumMeetingView.swift */; };
		2C8890882887710200A7D885 /* DailyScrumCardView.swift in Sources */ = {isa = PBXBuildFile; fileRef = 2C8890872887710200A7D885 /* DailyScrumCardView.swift */; };
		2C88908A28898FCA00A7D885 /* DailyScrumTimer.swift in Sources */ = {isa = PBXBuildFile; fileRef = 2C88908928898FCA00A7D885 /* DailyScrumTimer.swift */; };
		2C88908C2889911D00A7D885 /* DailyScrumMeetingHeaderView.swift in Sources */ = {isa = PBXBuildFile; fileRef = 2C88908B2889911D00A7D885 /* DailyScrumMeetingHeaderView.swift */; };
		2C88908E2889914B00A7D885 /* DailyScrumMeetingFooterView.swift in Sources */ = {isa = PBXBuildFile; fileRef = 2C88908D2889914B00A7D885 /* DailyScrumMeetingFooterView.swift */; };
		2C889090288991B000A7D885 /* DailyScrumTheme.swift in Sources */ = {isa = PBXBuildFile; fileRef = 2C88908F288991B000A7D885 /* DailyScrumTheme.swift */; };
		2C889092288991E100A7D885 /* DailyScrumThemeView.swift in Sources */ = {isa = PBXBuildFile; fileRef = 2C889091288991E100A7D885 /* DailyScrumThemeView.swift */; };
		2C8890942889920800A7D885 /* DailyScrumThemePickerView.swift in Sources */ = {isa = PBXBuildFile; fileRef = 2C8890932889920800A7D885 /* DailyScrumThemePickerView.swift */; };
		2C8890962889922C00A7D885 /* EditDailyScrumView.swift in Sources */ = {isa = PBXBuildFile; fileRef = 2C8890952889922C00A7D885 /* EditDailyScrumView.swift */; };
		2C88909828901D5800A7D885 /* DailyScrumStore.swift in Sources */ = {isa = PBXBuildFile; fileRef = 2C88909728901D5800A7D885 /* DailyScrumStore.swift */; };
		2CDDC8972863D5A000A1C9D9 /* LandmarkView.swift in Sources */ = {isa = PBXBuildFile; fileRef = 2CDDC8962863D5A000A1C9D9 /* LandmarkView.swift */; };
/* End PBXBuildFile section */

/* Begin PBXFileReference section */
		2C07AB32284C272C00ECA7EE /* CircleImage.swift */ = {isa = PBXFileReference; lastKnownFileType = sourcecode.swift; path = CircleImage.swift; sourceTree = "<group>"; };
		2C07AB3D284CE3BF00ECA7EE /* DailyScrum.swift */ = {isa = PBXFileReference; lastKnownFileType = sourcecode.swift; path = DailyScrum.swift; sourceTree = "<group>"; };
		2C42939B284ADE78001475DC /* SwiftStartupKit.app */ = {isa = PBXFileReference; explicitFileType = wrapper.application; includeInIndex = 0; path = SwiftStartupKit.app; sourceTree = BUILT_PRODUCTS_DIR; };
		2C42939E284ADE78001475DC /* SwiftStartupKitApp.swift */ = {isa = PBXFileReference; lastKnownFileType = sourcecode.swift; path = SwiftStartupKitApp.swift; sourceTree = "<group>"; };
		2C4293A0284ADE78001475DC /* ContentView.swift */ = {isa = PBXFileReference; lastKnownFileType = sourcecode.swift; path = ContentView.swift; sourceTree = "<group>"; };
		2C4293A2284ADE88001475DC /* Assets.xcassets */ = {isa = PBXFileReference; lastKnownFileType = folder.assetcatalog; path = Assets.xcassets; sourceTree = "<group>"; };
		2C4293A5284ADE88001475DC /* Preview Assets.xcassets */ = {isa = PBXFileReference; lastKnownFileType = folder.assetcatalog; path = "Preview Assets.xcassets"; sourceTree = "<group>"; };
		2C88907D2886E7BE00A7D885 /* DailyScrumsView.swift */ = {isa = PBXFileReference; lastKnownFileType = sourcecode.swift; path = DailyScrumsView.swift; sourceTree = "<group>"; };
		2C88907F2886EAA500A7D885 /* DailyScrumView.swift */ = {isa = PBXFileReference; lastKnownFileType = sourcecode.swift; path = DailyScrumView.swift; sourceTree = "<group>"; };
		2C8890812886EBE300A7D885 /* DailyScrumHistory.swift */ = {isa = PBXFileReference; lastKnownFileType = sourcecode.swift; path = DailyScrumHistory.swift; sourceTree = "<group>"; };
		2C88908328876D0C00A7D885 /* DailyScrumAttendee.swift */ = {isa = PBXFileReference; lastKnownFileType = sourcecode.swift; path = DailyScrumAttendee.swift; sourceTree = "<group>"; };
		2C889085288770B300A7D885 /* DailyScrumMeetingView.swift */ = {isa = PBXFileReference; lastKnownFileType = sourcecode.swift; path = DailyScrumMeetingView.swift; sourceTree = "<group>"; };
		2C8890872887710200A7D885 /* DailyScrumCardView.swift */ = {isa = PBXFileReference; lastKnownFileType = sourcecode.swift; path = DailyScrumCardView.swift; sourceTree = "<group>"; };
		2C88908928898FCA00A7D885 /* DailyScrumTimer.swift */ = {isa = PBXFileReference; lastKnownFileType = sourcecode.swift; path = DailyScrumTimer.swift; sourceTree = "<group>"; };
		2C88908B2889911D00A7D885 /* DailyScrumMeetingHeaderView.swift */ = {isa = PBXFileReference; lastKnownFileType = sourcecode.swift; path = DailyScrumMeetingHeaderView.swift; sourceTree = "<group>"; };
		2C88908D2889914B00A7D885 /* DailyScrumMeetingFooterView.swift */ = {isa = PBXFileReference; lastKnownFileType = sourcecode.swift; path = DailyScrumMeetingFooterView.swift; sourceTree = "<group>"; };
		2C88908F288991B000A7D885 /* DailyScrumTheme.swift */ = {isa = PBXFileReference; lastKnownFileType = sourcecode.swift; path = DailyScrumTheme.swift; sourceTree = "<group>"; };
		2C889091288991E100A7D885 /* DailyScrumThemeView.swift */ = {isa = PBXFileReference; lastKnownFileType = sourcecode.swift; path = DailyScrumThemeView.swift; sourceTree = "<group>"; };
		2C8890932889920800A7D885 /* DailyScrumThemePickerView.swift */ = {isa = PBXFileReference; lastKnownFileType = sourcecode.swift; path = DailyScrumThemePickerView.swift; sourceTree = "<group>"; };
		2C8890952889922C00A7D885 /* EditDailyScrumView.swift */ = {isa = PBXFileReference; lastKnownFileType = sourcecode.swift; path = EditDailyScrumView.swift; sourceTree = "<group>"; };
		2C88909728901D5800A7D885 /* DailyScrumStore.swift */ = {isa = PBXFileReference; lastKnownFileType = sourcecode.swift; path = DailyScrumStore.swift; sourceTree = "<group>"; };
		2CDDC8962863D5A000A1C9D9 /* LandmarkView.swift */ = {isa = PBXFileReference; lastKnownFileType = sourcecode.swift; path = LandmarkView.swift; sourceTree = "<group>"; };
/* End PBXFileReference section */

/* Begin PBXFrameworksBuildPhase section */
		2C429398284ADE77001475DC /* Frameworks */ = {
			isa = PBXFrameworksBuildPhase;
			buildActionMask = 2147483647;
			files = (
			);
			runOnlyForDeploymentPostprocessing = 0;
		};
/* End PBXFrameworksBuildPhase section */

/* Begin PBXGroup section */
		2C07AB3A284CBB5200ECA7EE /* Models */ = {
			isa = PBXGroup;
			children = (
				2C07AB3D284CE3BF00ECA7EE /* DailyScrum.swift */,
				2C8890812886EBE300A7D885 /* DailyScrumHistory.swift */,
				2C88908328876D0C00A7D885 /* DailyScrumAttendee.swift */,
				2C88908928898FCA00A7D885 /* DailyScrumTimer.swift */,
				2C88908F288991B000A7D885 /* DailyScrumTheme.swift */,
				2C88909728901D5800A7D885 /* DailyScrumStore.swift */,
			);
			path = Models;
			sourceTree = "<group>";
		};
		2C429392284ADE77001475DC = {
			isa = PBXGroup;
			children = (
				2C42939D284ADE78001475DC /* SwiftStartupKit */,
				2C42939C284ADE78001475DC /* Products */,
			);
			sourceTree = "<group>";
		};
		2C42939C284ADE78001475DC /* Products */ = {
			isa = PBXGroup;
			children = (
				2C42939B284ADE78001475DC /* SwiftStartupKit.app */,
			);
			name = Products;
			sourceTree = "<group>";
		};
		2C42939D284ADE78001475DC /* SwiftStartupKit */ = {
			isa = PBXGroup;
			children = (
				2C07AB3A284CBB5200ECA7EE /* Models */,
				2C42939E284ADE78001475DC /* SwiftStartupKitApp.swift */,
				2C4293A0284ADE78001475DC /* ContentView.swift */,
				2C4293A2284ADE88001475DC /* Assets.xcassets */,
				2C07AB32284C272C00ECA7EE /* CircleImage.swift */,
				2C4293A4284ADE88001475DC /* Preview Content */,
				2CDDC8962863D5A000A1C9D9 /* LandmarkView.swift */,
				2C88907D2886E7BE00A7D885 /* DailyScrumsView.swift */,
				2C88907F2886EAA500A7D885 /* DailyScrumView.swift */,
				2C889085288770B300A7D885 /* DailyScrumMeetingView.swift */,
				2C8890872887710200A7D885 /* DailyScrumCardView.swift */,
				2C88908B2889911D00A7D885 /* DailyScrumMeetingHeaderView.swift */,
				2C88908D2889914B00A7D885 /* DailyScrumMeetingFooterView.swift */,
				2C889091288991E100A7D885 /* DailyScrumThemeView.swift */,
				2C8890932889920800A7D885 /* DailyScrumThemePickerView.swift */,
				2C8890952889922C00A7D885 /* EditDailyScrumView.swift */,
			);
			path = SwiftStartupKit;
			sourceTree = "<group>";
		};
		2C4293A4284ADE88001475DC /* Preview Content */ = {
			isa = PBXGroup;
			children = (
				2C4293A5284ADE88001475DC /* Preview Assets.xcassets */,
			);
			path = "Preview Content";
			sourceTree = "<group>";
		};
/* End PBXGroup section */

/* Begin PBXNativeTarget section */
		2C42939A284ADE77001475DC /* SwiftStartupKit */ = {
			isa = PBXNativeTarget;
			buildConfigurationList = 2C4293A9284ADE88001475DC /* Build configuration list for PBXNativeTarget "SwiftStartupKit" */;
			buildPhases = (
				2C429397284ADE77001475DC /* Sources */,
				2C429398284ADE77001475DC /* Frameworks */,
				2C429399284ADE77001475DC /* Resources */,
			);
			buildRules = (
			);
			dependencies = (
			);
			name = SwiftStartupKit;
			productName = SwiftStartupKit;
			productReference = 2C42939B284ADE78001475DC /* SwiftStartupKit.app */;
			productType = "com.apple.product-type.application";
		};
/* End PBXNativeTarget section */

/* Begin PBXProject section */
		2C429393284ADE77001475DC /* Project object */ = {
			isa = PBXProject;
			attributes = {
				BuildIndependentTargetsInParallel = 1;
				LastSwiftUpdateCheck = 1330;
				LastUpgradeCheck = 1330;
				TargetAttributes = {
					2C42939A284ADE77001475DC = {
						CreatedOnToolsVersion = 13.3;
					};
				};
			};
			buildConfigurationList = 2C429396284ADE77001475DC /* Build configuration list for PBXProject "SwiftStartupKit" */;
			compatibilityVersion = "Xcode 13.0";
			developmentRegion = en;
			hasScannedForEncodings = 0;
			knownRegions = (
				en,
				Base,
			);
			mainGroup = 2C429392284ADE77001475DC;
			productRefGroup = 2C42939C284ADE78001475DC /* Products */;
			projectDirPath = "";
			projectRoot = "";
			targets = (
				2C42939A284ADE77001475DC /* SwiftStartupKit */,
			);
		};
/* End PBXProject section */

/* Begin PBXResourcesBuildPhase section */
		2C429399284ADE77001475DC /* Resources */ = {
			isa = PBXResourcesBuildPhase;
			buildActionMask = 2147483647;
			files = (
				2C4293A6284ADE88001475DC /* Preview Assets.xcassets in Resources */,
				2C4293A3284ADE88001475DC /* Assets.xcassets in Resources */,
			);
			runOnlyForDeploymentPostprocessing = 0;
		};
/* End PBXResourcesBuildPhase section */

/* Begin PBXSourcesBuildPhase section */
		2C429397284ADE77001475DC /* Sources */ = {
			isa = PBXSourcesBuildPhase;
			buildActionMask = 2147483647;
			files = (
				2C07AB3E284CE3BF00ECA7EE /* DailyScrum.swift in Sources */,
				2CDDC8972863D5A000A1C9D9 /* LandmarkView.swift in Sources */,
				2C88908A28898FCA00A7D885 /* DailyScrumTimer.swift in Sources */,
				2C4293A1284ADE78001475DC /* ContentView.swift in Sources */,
				2C889090288991B000A7D885 /* DailyScrumTheme.swift in Sources */,
				2C42939F284ADE78001475DC /* SwiftStartupKitApp.swift in Sources */,
				2C8890822886EBE300A7D885 /* DailyScrumHistory.swift in Sources */,
				2C88908428876D0C00A7D885 /* DailyScrumAttendee.swift in Sources */,
				2C88908C2889911D00A7D885 /* DailyScrumMeetingHeaderView.swift in Sources */,
				2C88909828901D5800A7D885 /* DailyScrumStore.swift in Sources */,
				2C889086288770B300A7D885 /* DailyScrumMeetingView.swift in Sources */,
				2C88908E2889914B00A7D885 /* DailyScrumMeetingFooterView.swift in Sources */,
				2C07AB33284C272C00ECA7EE /* CircleImage.swift in Sources */,
				2C889092288991E100A7D885 /* DailyScrumThemeView.swift in Sources */,
				2C88907E2886E7BF00A7D885 /* DailyScrumsView.swift in Sources */,
				2C8890882887710200A7D885 /* DailyScrumCardView.swift in Sources */,
				2C8890962889922C00A7D885 /* EditDailyScrumView.swift in Sources */,
				2C8890802886EAA500A7D885 /* DailyScrumView.swift in Sources */,
				2C8890942889920800A7D885 /* DailyScrumThemePickerView.swift in Sources */,
			);
			runOnlyForDeploymentPostprocessing = 0;
		};
/* End PBXSourcesBuildPhase section */

/* Begin XCBuildConfiguration section */
		2C4293A7284ADE88001475DC /* Debug */ = {
			isa = XCBuildConfiguration;
			buildSettings = {
				ALWAYS_SEARCH_USER_PATHS = NO;
				CLANG_ANALYZER_NONNULL = YES;
				CLANG_ANALYZER_NUMBER_OBJECT_CONVERSION = YES_AGGRESSIVE;
				CLANG_CXX_LANGUAGE_STANDARD = "gnu++17";
				CLANG_ENABLE_MODULES = YES;
				CLANG_ENABLE_OBJC_ARC = YES;
				CLANG_ENABLE_OBJC_WEAK = YES;
				CLANG_WARN_BLOCK_CAPTURE_AUTORELEASING = YES;
				CLANG_WARN_BOOL_CONVERSION = YES;
				CLANG_WARN_COMMA = YES;
				CLANG_WARN_CONSTANT_CONVERSION = YES;
				CLANG_WARN_DEPRECATED_OBJC_IMPLEMENTATIONS = YES;
				CLANG_WARN_DIRECT_OBJC_ISA_USAGE = YES_ERROR;
				CLANG_WARN_DOCUMENTATION_COMMENTS = YES;
				CLANG_WARN_EMPTY_BODY = YES;
				CLANG_WARN_ENUM_CONVERSION = YES;
				CLANG_WARN_INFINITE_RECURSION = YES;
				CLANG_WARN_INT_CONVERSION = YES;
				CLANG_WARN_NON_LITERAL_NULL_CONVERSION = YES;
				CLANG_WARN_OBJC_IMPLICIT_RETAIN_SELF = YES;
				CLANG_WARN_OBJC_LITERAL_CONVERSION = YES;
				CLANG_WARN_OBJC_ROOT_CLASS = YES_ERROR;
				CLANG_WARN_QUOTED_INCLUDE_IN_FRAMEWORK_HEADER = YES;
				CLANG_WARN_RANGE_LOOP_ANALYSIS = YES;
				CLANG_WARN_STRICT_PROTOTYPES = YES;
				CLANG_WARN_SUSPICIOUS_MOVE = YES;
				CLANG_WARN_UNGUARDED_AVAILABILITY = YES_AGGRESSIVE;
				CLANG_WARN_UNREACHABLE_CODE = YES;
				CLANG_WARN__DUPLICATE_METHOD_MATCH = YES;
				COPY_PHASE_STRIP = NO;
				DEBUG_INFORMATION_FORMAT = dwarf;
				ENABLE_STRICT_OBJC_MSGSEND = YES;
				ENABLE_TESTABILITY = YES;
				GCC_C_LANGUAGE_STANDARD = gnu11;
				GCC_DYNAMIC_NO_PIC = NO;
				GCC_NO_COMMON_BLOCKS = YES;
				GCC_OPTIMIZATION_LEVEL = 0;
				GCC_PREPROCESSOR_DEFINITIONS = (
					"DEBUG=1",
					"$(inherited)",
				);
				GCC_WARN_64_TO_32_BIT_CONVERSION = YES;
				GCC_WARN_ABOUT_RETURN_TYPE = YES_ERROR;
				GCC_WARN_UNDECLARED_SELECTOR = YES;
				GCC_WARN_UNINITIALIZED_AUTOS = YES_AGGRESSIVE;
				GCC_WARN_UNUSED_FUNCTION = YES;
				GCC_WARN_UNUSED_VARIABLE = YES;
				IPHONEOS_DEPLOYMENT_TARGET = 15.4;
				MTL_ENABLE_DEBUG_INFO = INCLUDE_SOURCE;
				MTL_FAST_MATH = YES;
				ONLY_ACTIVE_ARCH = YES;
				SDKROOT = iphoneos;
				SWIFT_ACTIVE_COMPILATION_CONDITIONS = DEBUG;
				SWIFT_OPTIMIZATION_LEVEL = "-Onone";
			};
			name = Debug;
		};
		2C4293A8284ADE88001475DC /* Release */ = {
			isa = XCBuildConfiguration;
			buildSettings = {
				ALWAYS_SEARCH_USER_PATHS = NO;
				CLANG_ANALYZER_NONNULL = YES;
				CLANG_ANALYZER_NUMBER_OBJECT_CONVERSION = YES_AGGRESSIVE;
				CLANG_CXX_LANGUAGE_STANDARD = "gnu++17";
				CLANG_ENABLE_MODULES = YES;
				CLANG_ENABLE_OBJC_ARC = YES;
				CLANG_ENABLE_OBJC_WEAK = YES;
				CLANG_WARN_BLOCK_CAPTURE_AUTORELEASING = YES;
				CLANG_WARN_BOOL_CONVERSION = YES;
				CLANG_WARN_COMMA = YES;
				CLANG_WARN_CONSTANT_CONVERSION = YES;
				CLANG_WARN_DEPRECATED_OBJC_IMPLEMENTATIONS = YES;
				CLANG_WARN_DIRECT_OBJC_ISA_USAGE = YES_ERROR;
				CLANG_WARN_DOCUMENTATION_COMMENTS = YES;
				CLANG_WARN_EMPTY_BODY = YES;
				CLANG_WARN_ENUM_CONVERSION = YES;
				CLANG_WARN_INFINITE_RECURSION = YES;
				CLANG_WARN_INT_CONVERSION = YES;
				CLANG_WARN_NON_LITERAL_NULL_CONVERSION = YES;
				CLANG_WARN_OBJC_IMPLICIT_RETAIN_SELF = YES;
				CLANG_WARN_OBJC_LITERAL_CONVERSION = YES;
				CLANG_WARN_OBJC_ROOT_CLASS = YES_ERROR;
				CLANG_WARN_QUOTED_INCLUDE_IN_FRAMEWORK_HEADER = YES;
				CLANG_WARN_RANGE_LOOP_ANALYSIS = YES;
				CLANG_WARN_STRICT_PROTOTYPES = YES;
				CLANG_WARN_SUSPICIOUS_MOVE = YES;
				CLANG_WARN_UNGUARDED_AVAILABILITY = YES_AGGRESSIVE;
				CLANG_WARN_UNREACHABLE_CODE = YES;
				CLANG_WARN__DUPLICATE_METHOD_MATCH = YES;
				COPY_PHASE_STRIP = NO;
				DEBUG_INFORMATION_FORMAT = "dwarf-with-dsym";
				ENABLE_NS_ASSERTIONS = NO;
				ENABLE_STRICT_OBJC_MSGSEND = YES;
				GCC_C_LANGUAGE_STANDARD = gnu11;
				GCC_NO_COMMON_BLOCKS = YES;
				GCC_WARN_64_TO_32_BIT_CONVERSION = YES;
				GCC_WARN_ABOUT_RETURN_TYPE = YES_ERROR;
				GCC_WARN_UNDECLARED_SELECTOR = YES;
				GCC_WARN_UNINITIALIZED_AUTOS = YES_AGGRESSIVE;
				GCC_WARN_UNUSED_FUNCTION = YES;
				GCC_WARN_UNUSED_VARIABLE = YES;
				IPHONEOS_DEPLOYMENT_TARGET = 15.4;
				MTL_ENABLE_DEBUG_INFO = NO;
				MTL_FAST_MATH = YES;
				SDKROOT = iphoneos;
				SWIFT_COMPILATION_MODE = wholemodule;
				SWIFT_OPTIMIZATION_LEVEL = "-O";
				VALIDATE_PRODUCT = YES;
			};
			name = Release;
		};
		2C4293AA284ADE88001475DC /* Debug */ = {
			isa = XCBuildConfiguration;
			buildSettings = {
				ASSETCATALOG_COMPILER_APPICON_NAME = AppIcon;
				ASSETCATALOG_COMPILER_GLOBAL_ACCENT_COLOR_NAME = AccentColor;
				CODE_SIGN_STYLE = Automatic;
				CURRENT_PROJECT_VERSION = 1;
				DEVELOPMENT_ASSET_PATHS = "\"SwiftStartupKit/Preview Content\"";
				DEVELOPMENT_TEAM = TENQMTMR26;
				ENABLE_PREVIEWS = YES;
				GENERATE_INFOPLIST_FILE = YES;
				INFOPLIST_KEY_UIApplicationSceneManifest_Generation = YES;
				INFOPLIST_KEY_UIApplicationSupportsIndirectInputEvents = YES;
				INFOPLIST_KEY_UILaunchScreen_Generation = YES;
				INFOPLIST_KEY_UISupportedInterfaceOrientations_iPad = "UIInterfaceOrientationPortrait UIInterfaceOrientationPortraitUpsideDown UIInterfaceOrientationLandscapeLeft UIInterfaceOrientationLandscapeRight";
				INFOPLIST_KEY_UISupportedInterfaceOrientations_iPhone = "UIInterfaceOrientationPortrait UIInterfaceOrientationLandscapeLeft UIInterfaceOrientationLandscapeRight";
				LD_RUNPATH_SEARCH_PATHS = (
					"$(inherited)",
					"@executable_path/Frameworks",
				);
				MARKETING_VERSION = 1.0;
				PRODUCT_BUNDLE_IDENTIFIER = "com.masahiko-kobayashi.SwiftStartupKit";
				PRODUCT_NAME = "$(TARGET_NAME)";
				SWIFT_EMIT_LOC_STRINGS = YES;
				SWIFT_VERSION = 5.0;
				TARGETED_DEVICE_FAMILY = "1,2";
			};
			name = Debug;
		};
		2C4293AB284ADE88001475DC /* Release */ = {
			isa = XCBuildConfiguration;
			buildSettings = {
				ASSETCATALOG_COMPILER_APPICON_NAME = AppIcon;
				ASSETCATALOG_COMPILER_GLOBAL_ACCENT_COLOR_NAME = AccentColor;
				CODE_SIGN_STYLE = Automatic;
				CURRENT_PROJECT_VERSION = 1;
				DEVELOPMENT_ASSET_PATHS = "\"SwiftStartupKit/Preview Content\"";
				DEVELOPMENT_TEAM = TENQMTMR26;
				ENABLE_PREVIEWS = YES;
				GENERATE_INFOPLIST_FILE = YES;
				INFOPLIST_KEY_UIApplicationSceneManifest_Generation = YES;
				INFOPLIST_KEY_UIApplicationSupportsIndirectInputEvents = YES;
				INFOPLIST_KEY_UILaunchScreen_Generation = YES;
				INFOPLIST_KEY_UISupportedInterfaceOrientations_iPad = "UIInterfaceOrientationPortrait UIInterfaceOrientationPortraitUpsideDown UIInterfaceOrientationLandscapeLeft UIInterfaceOrientationLandscapeRight";
				INFOPLIST_KEY_UISupportedInterfaceOrientations_iPhone = "UIInterfaceOrientationPortrait UIInterfaceOrientationLandscapeLeft UIInterfaceOrientationLandscapeRight";
				LD_RUNPATH_SEARCH_PATHS = (
					"$(inherited)",
					"@executable_path/Frameworks",
				);
				MARKETING_VERSION = 1.0;
				PRODUCT_BUNDLE_IDENTIFIER = "com.masahiko-kobayashi.SwiftStartupKit";
				PRODUCT_NAME = "$(TARGET_NAME)";
				SWIFT_EMIT_LOC_STRINGS = YES;
				SWIFT_VERSION = 5.0;
				TARGETED_DEVICE_FAMILY = "1,2";
			};
			name = Release;
		};
/* End XCBuildConfiguration section */

/* Begin XCConfigurationList section */
		2C429396284ADE77001475DC /* Build configuration list for PBXProject "SwiftStartupKit" */ = {
			isa = XCConfigurationList;
			buildConfigurations = (
				2C4293A7284ADE88001475DC /* Debug */,
				2C4293A8284ADE88001475DC /* Release */,
			);
			defaultConfigurationIsVisible = 0;
			defaultConfigurationName = Release;
		};
		2C4293A9284ADE88001475DC /* Build configuration list for PBXNativeTarget "SwiftStartupKit" */ = {
			isa = XCConfigurationList;
			buildConfigurations = (
				2C4293AA284ADE88001475DC /* Debug */,
				2C4293AB284ADE88001475DC /* Release */,
			);
			defaultConfigurationIsVisible = 0;
			defaultConfigurationName = Release;
		};
/* End XCConfigurationList section */
	};
	rootObject = 2C429393284ADE77001475DC /* Project object */;
}
